
Microsoft Visual Studio Solution File, Format Version 12.00
# Visual Studio Version 17
VisualStudioVersion = 17.6.33829.357
MinimumVisualStudioVersion = 10.0.40219.1
Project("{9A19103F-16F7-4668-BE54-9A1E7A4F7556}") = "beer-tap-dispenser", "beer-tap-dispenser\beer-tap-dispenser.csproj", "{262DFFEE-F967-4E8A-9DA0-2163FF1E0793}"
EndProject
Project("{2150E333-8FDC-42A3-9474-1A3956D46DE8}") = "Solution Items", "Solution Items", "{1EC10C5F-4F08-4C29-B6A0-68C66BBCD403}"
	ProjectSection(SolutionItems) = preProject
		README.md = README.md
	EndProjectSection
EndProject
Project("{FAE04EC0-301F-11D3-BF4B-00C04F79EFBC}") = "BeerTapDispenserTest", "beerTapDispenserTest\BeerTapDispenserTest.csproj", "{621CBDD1-F8B5-4398-849C-26E1ED019162}"
EndProject
Global
	GlobalSection(SolutionConfigurationPlatforms) = preSolution
		Debug|Any CPU = Debug|Any CPU
		Release|Any CPU = Release|Any CPU
	EndGlobalSection
	GlobalSection(ProjectConfigurationPlatforms) = postSolution
		{262DFFEE-F967-4E8A-9DA0-2163FF1E0793}.Debug|Any CPU.ActiveCfg = Debug|Any CPU
		{262DFFEE-F967-4E8A-9DA0-2163FF1E0793}.Debug|Any CPU.Build.0 = Debug|Any CPU
		{262DFFEE-F967-4E8A-9DA0-2163FF1E0793}.Release|Any CPU.ActiveCfg = Release|Any CPU
		{262DFFEE-F967-4E8A-9DA0-2163FF1E0793}.Release|Any CPU.Build.0 = Release|Any CPU
		{621CBDD1-F8B5-4398-849C-26E1ED019162}.Debug|Any CPU.ActiveCfg = Debug|Any CPU
		{621CBDD1-F8B5-4398-849C-26E1ED019162}.Debug|Any CPU.Build.0 = Debug|Any CPU
		{621CBDD1-F8B5-4398-849C-26E1ED019162}.Release|Any CPU.ActiveCfg = Release|Any CPU
		{621CBDD1-F8B5-4398-849C-26E1ED019162}.Release|Any CPU.Build.0 = Release|Any CPU
	EndGlobalSection
	GlobalSection(SolutionProperties) = preSolution
		HideSolutionNode = FALSE
	EndGlobalSection
	GlobalSection(ExtensibilityGlobals) = postSolution
		SolutionGuid = {C0C14EEA-4DD0-4761-BBE5-8BB34C3B201E}
	EndGlobalSection
EndGlobal
